
Microsoft Visual Studio Solution File, Format Version 10.00
# Visual Studio 2008
Project("{8BC9CEB8-8B4A-11D0-8D11-00A0C91BC942}") = "Misc_Mixed", "Misc_Mixed.vcproj", "{9FBE62FD-6E9A-4C68-ADCA-9EBA2F535B0B}"
EndProject
Global
	GlobalSection(SolutionConfigurationPlatforms) = preSolution
		D64|Win32 = D64|Win32
		Debug|Win32 = Debug|Win32
		R64|Win32 = R64|Win32
		Release|Win32 = Release|Win32
	EndGlobalSection
	GlobalSection(ProjectConfigurationPlatforms) = postSolution
		{9FBE62FD-6E9A-4C68-ADCA-9EBA2F535B0B}.D64|Win32.ActiveCfg = D64|Win32
		{9FBE62FD-6E9A-4C68-ADCA-9EBA2F535B0B}.D64|Win32.Build.0 = D64|Win32
		{9FBE62FD-6E9A-4C68-ADCA-9EBA2F535B0B}.Debug|Win32.ActiveCfg = Debug|Win32
		{9FBE62FD-6E9A-4C68-ADCA-9EBA2F535B0B}.Debug|Win32.Build.0 = Debug|Win32
		{9FBE62FD-6E9A-4C68-ADCA-9EBA2F535B0B}.R64|Win32.ActiveCfg = R64|Win32
		{9FBE62FD-6E9A-4C68-ADCA-9EBA2F535B0B}.R64|Win32.Build.0 = R64|Win32
		{9FBE62FD-6E9A-4C68-ADCA-9EBA2F535B0B}.Release|Win32.ActiveCfg = Release|Win32
		{9FBE62FD-6E9A-4C68-ADCA-9EBA2F535B0B}.Release|Win32.Build.0 = Release|Win32
	EndGlobalSection
	GlobalSection(SolutionProperties) = preSolution
		HideSolutionNode = FALSE
	EndGlobalSection
EndGlobal
